{
  "name": "todolist",
  "lockfileVersion": 2,
  "requires": true,
  "packages": {
    "": {
      "dependencies": {
        "classnames": "^2.3.2"
      },
      "devDependencies": {
        "@types/classnames": "^2.3.1"
      }
    },
    "node_modules/@types/classnames": {
      "version": "2.3.1",
      "resolved": "https://registry.npmjs.org/@types/classnames/-/classnames-2.3.1.tgz",
      "integrity": "sha512-zeOWb0JGBoVmlQoznvqXbE0tEC/HONsnoUNH19Hc96NFsTAwTXbTqb8FMYkru1F/iqp7a18Ws3nWJvtA1sHD1A==",
      "deprecated": "This is a stub types definition. classnames provides its own type definitions, so you do not need this installed.",
      "dev": true,
      "dependencies": {
        "classnames": "*"
      }
    },
    "node_modules/classnames": {
      "version": "2.3.2",
      "resolved": "https://registry.npmjs.org/classnames/-/classnames-2.3.2.tgz",
      "integrity": "sha512-CSbhY4cFEJRe6/GQzIk5qXZ4Jeg5pcsP7b5peFSDpffpe1cqjASH/n9UTjBwOp6XpMSTwQ8Za2K5V02ueA7Tmw=="
    }
  },
  "dependencies": {
    "@types/classnames": {
      "version": "2.3.1",
      "resolved": "https://registry.npmjs.org/@types/classnames/-/classnames-2.3.1.tgz",
      "integrity": "sha512-zeOWb0JGBoVmlQoznvqXbE0tEC/HONsnoUNH19Hc96NFsTAwTXbTqb8FMYkru1F/iqp7a18Ws3nWJvtA1sHD1A==",
      "dev": true,
      "requires": {
        "classnames": "*"
      }
    },
    "classnames": {
      "version": "2.3.2",
      "resolved": "https://registry.npmjs.org/classnames/-/classnames-2.3.2.tgz",
      "integrity": "sha512-CSbhY4cFEJRe6/GQzIk5qXZ4Jeg5pcsP7b5peFSDpffpe1cqjASH/n9UTjBwOp6XpMSTwQ8Za2K5V02ueA7Tmw=="
    }
  }
}
